
Microsoft Visual Studio Solution File, Format Version 12.00
# Visual Studio 15
VisualStudioVersion = 15.0.27130.2003
MinimumVisualStudioVersion = 10.0.40219.1
Project("{FAE04EC0-301F-11D3-BF4B-00C04F79EFBC}") = "apJogoDeForca", "apJogoDeForca\apJogoDeForca.csproj", "{D866486B-19D0-4713-A7D4-4F4C3F23DC42}"
EndProject
Global
	GlobalSection(SolutionConfigurationPlatforms) = preSolution
		Debug|Any CPU = Debug|Any CPU
		Release|Any CPU = Release|Any CPU
	EndGlobalSection
	GlobalSection(ProjectConfigurationPlatforms) = postSolution
		{D866486B-19D0-4713-A7D4-4F4C3F23DC42}.Debug|Any CPU.ActiveCfg = Debug|Any CPU
		{D866486B-19D0-4713-A7D4-4F4C3F23DC42}.Debug|Any CPU.Build.0 = Debug|Any CPU
		{D866486B-19D0-4713-A7D4-4F4C3F23DC42}.Release|Any CPU.ActiveCfg = Release|Any CPU
		{D866486B-19D0-4713-A7D4-4F4C3F23DC42}.Release|Any CPU.Build.0 = Release|Any CPU
	EndGlobalSection
	GlobalSection(SolutionProperties) = preSolution
		HideSolutionNode = FALSE
	EndGlobalSection
	GlobalSection(ExtensibilityGlobals) = postSolution
		SolutionGuid = {A2DBAFB7-E89C-4C3C-BD6E-530277C323B6}
	EndGlobalSection
EndGlobal
